// !$*UTF8*$!
{
	archiveVersion = 1;
	classes = {
	};
	objectVersion = 46;
	objects = {

/* Begin PBXBuildFile section */
		F202131115AF88DA00354C69 /* Cocoa.framework in Frameworks */ = {isa = PBXBuildFile; fileRef = F202131015AF88DA00354C69 /* Cocoa.framework */; };
		F202131B15AF88DA00354C69 /* InfoPlist.strings in Resources */ = {isa = PBXBuildFile; fileRef = F202131915AF88DA00354C69 /* InfoPlist.strings */; };
		F202131D15AF88DA00354C69 /* main.m in Sources */ = {isa = PBXBuildFile; fileRef = F202131C15AF88DA00354C69 /* main.m */; };
		F202132415AF88DA00354C69 /* WaveExplorerDocument.m in Sources */ = {isa = PBXBuildFile; fileRef = F202132315AF88DA00354C69 /* WaveExplorerDocument.m */; };
		F202132715AF88DA00354C69 /* WaveExplorerDocument.xib in Resources */ = {isa = PBXBuildFile; fileRef = F202132515AF88DA00354C69 /* WaveExplorerDocument.xib */; };
		F202132A15AF88DA00354C69 /* MainMenu.xib in Resources */ = {isa = PBXBuildFile; fileRef = F202132815AF88DA00354C69 /* MainMenu.xib */; };
		F202134415AFACD100354C69 /* WaveExplorerAppDelegate.m in Sources */ = {isa = PBXBuildFile; fileRef = F202134315AFACD100354C69 /* WaveExplorerAppDelegate.m */; };
		F26B869315BA1F9200844298 /* WaveTools.framework in CopyFiles */ = {isa = PBXBuildFile; fileRef = F2EC845415B652050069145A /* WaveTools.framework */; };
		F27BDDCD15BBAE0100AF31E6 /* WaveExplorerCueChunk.xib in Resources */ = {isa = PBXBuildFile; fileRef = F27BDDCB15BBAE0100AF31E6 /* WaveExplorerCueChunk.xib */; };
		F27BDDD515BBBF0F00AF31E6 /* WaveExplorerPlaylistChunk.xib in Resources */ = {isa = PBXBuildFile; fileRef = F27BDDD315BBBF0F00AF31E6 /* WaveExplorerPlaylistChunk.xib */; };
		F27BDDEB15BC81AA00AF31E6 /* WaveExplorerLabeledTextChunk.xib in Resources */ = {isa = PBXBuildFile; fileRef = F27BDDE915BC81AA00AF31E6 /* WaveExplorerLabeledTextChunk.xib */; };
		F28B5D4F15BE13A70044D7F1 /* WaveExplorerChunkToNibMap.plist in Resources */ = {isa = PBXBuildFile; fileRef = F28B5D4E15BE13A70044D7F1 /* WaveExplorerChunkToNibMap.plist */; };
		F28CF70415B1BEDD000E169F /* WaveExplorerDocumentWindowController.m in Sources */ = {isa = PBXBuildFile; fileRef = F28CF70315B1BEDD000E169F /* WaveExplorerDocumentWindowController.m */; };
		F28CF70915B1C8F1000E169F /* WaveExplorerChunkDetailViewController.m in Sources */ = {isa = PBXBuildFile; fileRef = F28CF70715B1C8F1000E169F /* WaveExplorerChunkDetailViewController.m */; };
		F28CF70B15B1D27C000E169F /* WaveExplorerFmtChunk.xib in Resources */ = {isa = PBXBuildFile; fileRef = F28CF70D15B1D27C000E169F /* WaveExplorerFmtChunk.xib */; };
		F28CF71015B1DD19000E169F /* WaveExplorerChunk.xib in Resources */ = {isa = PBXBuildFile; fileRef = F28CF70E15B1DD19000E169F /* WaveExplorerChunk.xib */; };
		F2EC845515B652050069145A /* WaveTools.framework in Frameworks */ = {isa = PBXBuildFile; fileRef = F2EC845415B652050069145A /* WaveTools.framework */; };
/* End PBXBuildFile section */

/* Begin PBXCopyFilesBuildPhase section */
		F26B869215BA1F8B00844298 /* CopyFiles */ = {
			isa = PBXCopyFilesBuildPhase;
			buildActionMask = 2147483647;
			dstPath = "";
			dstSubfolderSpec = 10;
			files = (
				F26B869315BA1F9200844298 /* WaveTools.framework in CopyFiles */,
			);
			runOnlyForDeploymentPostprocessing = 0;
		};
/* End PBXCopyFilesBuildPhase section */

/* Begin PBXFileReference section */
		F202130C15AF88DA00354C69 /* Wave Explorer.app */ = {isa = PBXFileReference; explicitFileType = wrapper.application; includeInIndex = 0; path = "Wave Explorer.app"; sourceTree = BUILT_PRODUCTS_DIR; };
		F202131015AF88DA00354C69 /* Cocoa.framework */ = {isa = PBXFileReference; lastKnownFileType = wrapper.framework; name = Cocoa.framework; path = System/Library/Frameworks/Cocoa.framework; sourceTree = SDKROOT; };
		F202131315AF88DA00354C69 /* AppKit.framework */ = {isa = PBXFileReference; lastKnownFileType = wrapper.framework; name = AppKit.framework; path = System/Library/Frameworks/AppKit.framework; sourceTree = SDKROOT; };
		F202131415AF88DA00354C69 /* CoreData.framework */ = {isa = PBXFileReference; lastKnownFileType = wrapper.framework; name = CoreData.framework; path = System/Library/Frameworks/CoreData.framework; sourceTree = SDKROOT; };
		F202131515AF88DA00354C69 /* Foundation.framework */ = {isa = PBXFileReference; lastKnownFileType = wrapper.framework; name = Foundation.framework; path = System/Library/Frameworks/Foundation.framework; sourceTree = SDKROOT; };
		F202131815AF88DA00354C69 /* Wave Explorer-Info.plist */ = {isa = PBXFileReference; lastKnownFileType = text.plist.xml; path = "Wave Explorer-Info.plist"; sourceTree = "<group>"; };
		F202131A15AF88DA00354C69 /* en */ = {isa = PBXFileReference; lastKnownFileType = text.plist.strings; name = en; path = en.lproj/InfoPlist.strings; sourceTree = "<group>"; };
		F202131C15AF88DA00354C69 /* main.m */ = {isa = PBXFileReference; lastKnownFileType = sourcecode.c.objc; path = main.m; sourceTree = "<group>"; };
		F202131E15AF88DA00354C69 /* Wave Explorer-Prefix.pch */ = {isa = PBXFileReference; lastKnownFileType = sourcecode.c.h; path = "Wave Explorer-Prefix.pch"; sourceTree = "<group>"; };
		F202132215AF88DA00354C69 /* WaveExplorerDocument.h */ = {isa = PBXFileReference; lastKnownFileType = sourcecode.c.h; path = WaveExplorerDocument.h; sourceTree = "<group>"; };
		F202132315AF88DA00354C69 /* WaveExplorerDocument.m */ = {isa = PBXFileReference; lastKnownFileType = sourcecode.c.objc; path = WaveExplorerDocument.m; sourceTree = "<group>"; };
		F202132615AF88DA00354C69 /* en */ = {isa = PBXFileReference; lastKnownFileType = file.xib; name = en; path = en.lproj/WaveExplorerDocument.xib; sourceTree = "<group>"; };
		F202132915AF88DA00354C69 /* en */ = {isa = PBXFileReference; lastKnownFileType = file.xib; name = en; path = en.lproj/MainMenu.xib; sourceTree = "<group>"; };
		F202133015AF88EF00354C69 /* Wave Explorer.entitlements */ = {isa = PBXFileReference; lastKnownFileType = text.xml; path = "Wave Explorer.entitlements"; sourceTree = "<group>"; };
		F202134215AFACD100354C69 /* WaveExplorerAppDelegate.h */ = {isa = PBXFileReference; fileEncoding = 4; lastKnownFileType = sourcecode.c.h; path = WaveExplorerAppDelegate.h; sourceTree = "<group>"; };
		F202134315AFACD100354C69 /* WaveExplorerAppDelegate.m */ = {isa = PBXFileReference; fileEncoding = 4; lastKnownFileType = sourcecode.c.objc; path = WaveExplorerAppDelegate.m; sourceTree = "<group>"; };
		F27BDDCC15BBAE0100AF31E6 /* en */ = {isa = PBXFileReference; lastKnownFileType = file.xib; name = en; path = en.lproj/WaveExplorerCueChunk.xib; sourceTree = "<group>"; };
		F27BDDD415BBBF0F00AF31E6 /* en */ = {isa = PBXFileReference; lastKnownFileType = file.xib; name = en; path = en.lproj/WaveExplorerPlaylistChunk.xib; sourceTree = "<group>"; };
		F27BDDEA15BC81AA00AF31E6 /* en */ = {isa = PBXFileReference; lastKnownFileType = file.xib; name = en; path = en.lproj/WaveExplorerLabeledTextChunk.xib; sourceTree = "<group>"; };
		F28A6A1C15B661FD00B4FFD0 /* README.markdown */ = {isa = PBXFileReference; fileEncoding = 4; lastKnownFileType = text; path = README.markdown; sourceTree = SOURCE_ROOT; };
		F28B5D4E15BE13A70044D7F1 /* WaveExplorerChunkToNibMap.plist */ = {isa = PBXFileReference; fileEncoding = 4; lastKnownFileType = text.plist.xml; path = WaveExplorerChunkToNibMap.plist; sourceTree = "<group>"; };
		F28CF70215B1BEDD000E169F /* WaveExplorerDocumentWindowController.h */ = {isa = PBXFileReference; fileEncoding = 4; lastKnownFileType = sourcecode.c.h; path = WaveExplorerDocumentWindowController.h; sourceTree = "<group>"; };
		F28CF70315B1BEDD000E169F /* WaveExplorerDocumentWindowController.m */ = {isa = PBXFileReference; fileEncoding = 4; lastKnownFileType = sourcecode.c.objc; path = WaveExplorerDocumentWindowController.m; sourceTree = "<group>"; };
		F28CF70615B1C8F1000E169F /* WaveExplorerChunkDetailViewController.h */ = {isa = PBXFileReference; fileEncoding = 4; lastKnownFileType = sourcecode.c.h; path = WaveExplorerChunkDetailViewController.h; sourceTree = "<group>"; };
		F28CF70715B1C8F1000E169F /* WaveExplorerChunkDetailViewController.m */ = {isa = PBXFileReference; fileEncoding = 4; lastKnownFileType = sourcecode.c.objc; path = WaveExplorerChunkDetailViewController.m; sourceTree = "<group>"; };
		F28CF70C15B1D27C000E169F /* en */ = {isa = PBXFileReference; lastKnownFileType = file.xib; name = en; path = en.lproj/WaveExplorerFmtChunk.xib; sourceTree = "<group>"; };
		F28CF70F15B1DD19000E169F /* en */ = {isa = PBXFileReference; lastKnownFileType = file.xib; name = en; path = en.lproj/WaveExplorerChunk.xib; sourceTree = "<group>"; };
		F2EC845415B652050069145A /* WaveTools.framework */ = {isa = PBXFileReference; lastKnownFileType = wrapper.framework; name = WaveTools.framework; path = /Library/Frameworks/WaveTools.framework; sourceTree = "<absolute>"; };
/* End PBXFileReference section */

/* Begin PBXFrameworksBuildPhase section */
		F202130915AF88DA00354C69 /* Frameworks */ = {
			isa = PBXFrameworksBuildPhase;
			buildActionMask = 2147483647;
			files = (
				F202131115AF88DA00354C69 /* Cocoa.framework in Frameworks */,
				F2EC845515B652050069145A /* WaveTools.framework in Frameworks */,
			);
			runOnlyForDeploymentPostprocessing = 0;
		};
/* End PBXFrameworksBuildPhase section */

/* Begin PBXGroup section */
		F202130115AF88DA00354C69 = {
			isa = PBXGroup;
			children = (
				F202131615AF88DA00354C69 /* Wave Explorer */,
				F202130F15AF88DA00354C69 /* Frameworks */,
				F202130D15AF88DA00354C69 /* Products */,
			);
			sourceTree = "<group>";
		};
		F202130D15AF88DA00354C69 /* Products */ = {
			isa = PBXGroup;
			children = (
				F202130C15AF88DA00354C69 /* Wave Explorer.app */,
			);
			name = Products;
			sourceTree = "<group>";
		};
		F202130F15AF88DA00354C69 /* Frameworks */ = {
			isa = PBXGroup;
			children = (
				F2EC845415B652050069145A /* WaveTools.framework */,
				F202131015AF88DA00354C69 /* Cocoa.framework */,
				F202131215AF88DA00354C69 /* Other Frameworks */,
			);
			name = Frameworks;
			sourceTree = "<group>";
		};
		F202131215AF88DA00354C69 /* Other Frameworks */ = {
			isa = PBXGroup;
			children = (
				F202131315AF88DA00354C69 /* AppKit.framework */,
				F202131415AF88DA00354C69 /* CoreData.framework */,
				F202131515AF88DA00354C69 /* Foundation.framework */,
			);
			name = "Other Frameworks";
			sourceTree = "<group>";
		};
		F202131615AF88DA00354C69 /* Wave Explorer */ = {
			isa = PBXGroup;
			children = (
				F28A6A1C15B661FD00B4FFD0 /* README.markdown */,
				F202133415AF8A5500354C69 /* Model */,
				F202134115AFACB300354C69 /* Controller */,
				F202133515AF8A7B00354C69 /* Resources */,
				F202131715AF88DA00354C69 /* Supporting Files */,
			);
			path = "Wave Explorer";
			sourceTree = "<group>";
		};
		F202131715AF88DA00354C69 /* Supporting Files */ = {
			isa = PBXGroup;
			children = (
				F202133015AF88EF00354C69 /* Wave Explorer.entitlements */,
				F202131815AF88DA00354C69 /* Wave Explorer-Info.plist */,
				F202131915AF88DA00354C69 /* InfoPlist.strings */,
				F202131C15AF88DA00354C69 /* main.m */,
				F202131E15AF88DA00354C69 /* Wave Explorer-Prefix.pch */,
			);
			name = "Supporting Files";
			sourceTree = "<group>";
		};
		F202133415AF8A5500354C69 /* Model */ = {
			isa = PBXGroup;
			children = (
				F202132215AF88DA00354C69 /* WaveExplorerDocument.h */,
				F202132315AF88DA00354C69 /* WaveExplorerDocument.m */,
			);
			name = Model;
			sourceTree = "<group>";
		};
		F202133515AF8A7B00354C69 /* Resources */ = {
			isa = PBXGroup;
			children = (
				F202132815AF88DA00354C69 /* MainMenu.xib */,
				F202132515AF88DA00354C69 /* WaveExplorerDocument.xib */,
				F28CF70E15B1DD19000E169F /* WaveExplorerChunk.xib */,
				F28CF70D15B1D27C000E169F /* WaveExplorerFmtChunk.xib */,
				F27BDDCB15BBAE0100AF31E6 /* WaveExplorerCueChunk.xib */,
				F27BDDD315BBBF0F00AF31E6 /* WaveExplorerPlaylistChunk.xib */,
				F27BDDE915BC81AA00AF31E6 /* WaveExplorerLabeledTextChunk.xib */,
				F28B5D4E15BE13A70044D7F1 /* WaveExplorerChunkToNibMap.plist */,
			);
			name = Resources;
			sourceTree = "<group>";
		};
		F202134115AFACB300354C69 /* Controller */ = {
			isa = PBXGroup;
			children = (
				F202134215AFACD100354C69 /* WaveExplorerAppDelegate.h */,
				F202134315AFACD100354C69 /* WaveExplorerAppDelegate.m */,
				F28CF70215B1BEDD000E169F /* WaveExplorerDocumentWindowController.h */,
				F28CF70315B1BEDD000E169F /* WaveExplorerDocumentWindowController.m */,
				F28CF70615B1C8F1000E169F /* WaveExplorerChunkDetailViewController.h */,
				F28CF70715B1C8F1000E169F /* WaveExplorerChunkDetailViewController.m */,
			);
			name = Controller;
			sourceTree = "<group>";
		};
/* End PBXGroup section */

/* Begin PBXNativeTarget section */
		F202130B15AF88DA00354C69 /* Wave Explorer */ = {
			isa = PBXNativeTarget;
			buildConfigurationList = F202132D15AF88DA00354C69 /* Build configuration list for PBXNativeTarget "Wave Explorer" */;
			buildPhases = (
				F202130815AF88DA00354C69 /* Sources */,
				F202130915AF88DA00354C69 /* Frameworks */,
				F202130A15AF88DA00354C69 /* Resources */,
				F26B869215BA1F8B00844298 /* CopyFiles */,
			);
			buildRules = (
			);
			dependencies = (
			);
			name = "Wave Explorer";
			productName = "Wave Explorer";
			productReference = F202130C15AF88DA00354C69 /* Wave Explorer.app */;
			productType = "com.apple.product-type.application";
		};
/* End PBXNativeTarget section */

/* Begin PBXProject section */
		F202130315AF88DA00354C69 /* Project object */ = {
			isa = PBXProject;
			attributes = {
				ORGANIZATIONNAME = "Ben Cox";
			};
			buildConfigurationList = F202130615AF88DA00354C69 /* Build configuration list for PBXProject "Wave Explorer" */;
			compatibilityVersion = "Xcode 3.2";
			developmentRegion = English;
			hasScannedForEncodings = 0;
			knownRegions = (
				en,
			);
			mainGroup = F202130115AF88DA00354C69;
			productRefGroup = F202130D15AF88DA00354C69 /* Products */;
			projectDirPath = "";
			projectRoot = "";
			targets = (
				F202130B15AF88DA00354C69 /* Wave Explorer */,
			);
		};
/* End PBXProject section */

/* Begin PBXResourcesBuildPhase section */
		F202130A15AF88DA00354C69 /* Resources */ = {
			isa = PBXResourcesBuildPhase;
			buildActionMask = 2147483647;
			files = (
				F202131B15AF88DA00354C69 /* InfoPlist.strings in Resources */,
				F202132715AF88DA00354C69 /* WaveExplorerDocument.xib in Resources */,
				F202132A15AF88DA00354C69 /* MainMenu.xib in Resources */,
				F28CF70B15B1D27C000E169F /* WaveExplorerFmtChunk.xib in Resources */,
				F28CF71015B1DD19000E169F /* WaveExplorerChunk.xib in Resources */,
				F27BDDCD15BBAE0100AF31E6 /* WaveExplorerCueChunk.xib in Resources */,
				F27BDDD515BBBF0F00AF31E6 /* WaveExplorerPlaylistChunk.xib in Resources */,
				F27BDDEB15BC81AA00AF31E6 /* WaveExplorerLabeledTextChunk.xib in Resources */,
				F28B5D4F15BE13A70044D7F1 /* WaveExplorerChunkToNibMap.plist in Resources */,
			);
			runOnlyForDeploymentPostprocessing = 0;
		};
/* End PBXResourcesBuildPhase section */

/* Begin PBXSourcesBuildPhase section */
		F202130815AF88DA00354C69 /* Sources */ = {
			isa = PBXSourcesBuildPhase;
			buildActionMask = 2147483647;
			files = (
				F202131D15AF88DA00354C69 /* main.m in Sources */,
				F202132415AF88DA00354C69 /* WaveExplorerDocument.m in Sources */,
				F202134415AFACD100354C69 /* WaveExplorerAppDelegate.m in Sources */,
				F28CF70415B1BEDD000E169F /* WaveExplorerDocumentWindowController.m in Sources */,
				F28CF70915B1C8F1000E169F /* WaveExplorerChunkDetailViewController.m in Sources */,
			);
			runOnlyForDeploymentPostprocessing = 0;
		};
/* End PBXSourcesBuildPhase section */

/* Begin PBXVariantGroup section */
		F202131915AF88DA00354C69 /* InfoPlist.strings */ = {
			isa = PBXVariantGroup;
			children = (
				F202131A15AF88DA00354C69 /* en */,
			);
			name = InfoPlist.strings;
			sourceTree = "<group>";
		};
		F202132515AF88DA00354C69 /* WaveExplorerDocument.xib */ = {
			isa = PBXVariantGroup;
			children = (
				F202132615AF88DA00354C69 /* en */,
			);
			name = WaveExplorerDocument.xib;
			sourceTree = "<group>";
		};
		F202132815AF88DA00354C69 /* MainMenu.xib */ = {
			isa = PBXVariantGroup;
			children = (
				F202132915AF88DA00354C69 /* en */,
			);
			name = MainMenu.xib;
			sourceTree = "<group>";
		};
		F27BDDCB15BBAE0100AF31E6 /* WaveExplorerCueChunk.xib */ = {
			isa = PBXVariantGroup;
			children = (
				F27BDDCC15BBAE0100AF31E6 /* en */,
			);
			name = WaveExplorerCueChunk.xib;
			sourceTree = "<group>";
		};
		F27BDDD315BBBF0F00AF31E6 /* WaveExplorerPlaylistChunk.xib */ = {
			isa = PBXVariantGroup;
			children = (
				F27BDDD415BBBF0F00AF31E6 /* en */,
			);
			name = WaveExplorerPlaylistChunk.xib;
			sourceTree = "<group>";
		};
		F27BDDE915BC81AA00AF31E6 /* WaveExplorerLabeledTextChunk.xib */ = {
			isa = PBXVariantGroup;
			children = (
				F27BDDEA15BC81AA00AF31E6 /* en */,
			);
			name = WaveExplorerLabeledTextChunk.xib;
			sourceTree = "<group>";
		};
		F28CF70D15B1D27C000E169F /* WaveExplorerFmtChunk.xib */ = {
			isa = PBXVariantGroup;
			children = (
				F28CF70C15B1D27C000E169F /* en */,
			);
			name = WaveExplorerFmtChunk.xib;
			sourceTree = "<group>";
		};
		F28CF70E15B1DD19000E169F /* WaveExplorerChunk.xib */ = {
			isa = PBXVariantGroup;
			children = (
				F28CF70F15B1DD19000E169F /* en */,
			);
			name = WaveExplorerChunk.xib;
			sourceTree = "<group>";
		};
/* End PBXVariantGroup section */

/* Begin XCBuildConfiguration section */
		F202132B15AF88DA00354C69 /* Debug */ = {
			isa = XCBuildConfiguration;
			buildSettings = {
				ALWAYS_SEARCH_USER_PATHS = YES;
				ARCHS = "$(ARCHS_STANDARD_64_BIT)";
				CODE_SIGN_IDENTITY = "Developer ID Application: Ben Cox";
				COPY_PHASE_STRIP = NO;
				GCC_C_LANGUAGE_STANDARD = gnu99;
				GCC_DYNAMIC_NO_PIC = NO;
				GCC_ENABLE_OBJC_EXCEPTIONS = YES;
				GCC_OPTIMIZATION_LEVEL = 0;
				GCC_PREPROCESSOR_DEFINITIONS = (
					"DEBUG=1",
					"$(inherited)",
				);
				GCC_SYMBOLS_PRIVATE_EXTERN = NO;
				GCC_VERSION = com.apple.compilers.llvm.clang.1_0;
				GCC_WARN_64_TO_32_BIT_CONVERSION = YES;
				GCC_WARN_ABOUT_MISSING_PROTOTYPES = YES;
				GCC_WARN_ABOUT_RETURN_TYPE = YES;
				GCC_WARN_UNUSED_VARIABLE = YES;
				MACOSX_DEPLOYMENT_TARGET = 10.7;
				ONLY_ACTIVE_ARCH = YES;
				PROVISIONING_PROFILE = "";
				SCAN_ALL_SOURCE_FILES_FOR_INCLUDES = NO;
				SDKROOT = macosx;
			};
			name = Debug;
		};
		F202132C15AF88DA00354C69 /* Release */ = {
			isa = XCBuildConfiguration;
			buildSettings = {
				ALWAYS_SEARCH_USER_PATHS = YES;
				ARCHS = "$(ARCHS_STANDARD_64_BIT)";
				CODE_SIGN_IDENTITY = "Developer ID Application: Ben Cox";
				COPY_PHASE_STRIP = YES;
				DEBUG_INFORMATION_FORMAT = "dwarf-with-dsym";
				GCC_C_LANGUAGE_STANDARD = gnu99;
				GCC_ENABLE_OBJC_EXCEPTIONS = YES;
				GCC_VERSION = com.apple.compilers.llvm.clang.1_0;
				GCC_WARN_64_TO_32_BIT_CONVERSION = YES;
				GCC_WARN_ABOUT_MISSING_PROTOTYPES = YES;
				GCC_WARN_ABOUT_RETURN_TYPE = YES;
				GCC_WARN_UNUSED_VARIABLE = YES;
				MACOSX_DEPLOYMENT_TARGET = 10.7;
				PROVISIONING_PROFILE = "";
				SCAN_ALL_SOURCE_FILES_FOR_INCLUDES = NO;
				SDKROOT = macosx;
			};
			name = Release;
		};
		F202132E15AF88DA00354C69 /* Debug */ = {
			isa = XCBuildConfiguration;
			buildSettings = {
				CODE_SIGN_ENTITLEMENTS = "Wave Explorer/Wave Explorer.entitlements";
				FRAMEWORK_SEARCH_PATHS = (
					"$(inherited)",
					"\"$(SRCROOT)\"",
					/Library/Frameworks,
				);
				GCC_PRECOMPILE_PREFIX_HEADER = YES;
				GCC_PREFIX_HEADER = "Wave Explorer/Wave Explorer-Prefix.pch";
				INFOPLIST_FILE = "Wave Explorer/Wave Explorer-Info.plist";
				LD_RUNPATH_SEARCH_PATHS = "@loader_path/../Frameworks";
				PRODUCT_NAME = "$(TARGET_NAME)";
				WRAPPER_EXTENSION = app;
			};
			name = Debug;
		};
		F202132F15AF88DA00354C69 /* Release */ = {
			isa = XCBuildConfiguration;
			buildSettings = {
				CODE_SIGN_ENTITLEMENTS = "Wave Explorer/Wave Explorer.entitlements";
				FRAMEWORK_SEARCH_PATHS = (
					"$(inherited)",
					"\"$(SRCROOT)\"",
					/Library/Frameworks,
				);
				GCC_PRECOMPILE_PREFIX_HEADER = YES;
				GCC_PREFIX_HEADER = "Wave Explorer/Wave Explorer-Prefix.pch";
				INFOPLIST_FILE = "Wave Explorer/Wave Explorer-Info.plist";
				LD_RUNPATH_SEARCH_PATHS = "@loader_path/../Frameworks";
				PRODUCT_NAME = "$(TARGET_NAME)";
				WRAPPER_EXTENSION = app;
			};
			name = Release;
		};
/* End XCBuildConfiguration section */

/* Begin XCConfigurationList section */
		F202130615AF88DA00354C69 /* Build configuration list for PBXProject "Wave Explorer" */ = {
			isa = XCConfigurationList;
			buildConfigurations = (
				F202132B15AF88DA00354C69 /* Debug */,
				F202132C15AF88DA00354C69 /* Release */,
			);
			defaultConfigurationIsVisible = 0;
			defaultConfigurationName = Release;
		};
		F202132D15AF88DA00354C69 /* Build configuration list for PBXNativeTarget "Wave Explorer" */ = {
			isa = XCConfigurationList;
			buildConfigurations = (
				F202132E15AF88DA00354C69 /* Debug */,
				F202132F15AF88DA00354C69 /* Release */,
			);
			defaultConfigurationIsVisible = 0;
			defaultConfigurationName = Release;
		};
/* End XCConfigurationList section */
	};
	rootObject = F202130315AF88DA00354C69 /* Project object */;
}
